
Microsoft Visual Studio Solution File, Format Version 12.00
# Visual Studio Version 17
VisualStudioVersion = 17.8.34511.84
MinimumVisualStudioVersion = 10.0.40219.1
Project("{FAE04EC0-301F-11D3-BF4B-00C04F79EFBC}") = "JarmuKolcsonzes", "JarmuKolcsonzes.csproj", "{387E1DE6-FD1F-4000-8D05-FB730D127D27}"
EndProject
Global
	GlobalSection(SolutionConfigurationPlatforms) = preSolution
		Debug|Any CPU = Debug|Any CPU
		Release|Any CPU = Release|Any CPU
	EndGlobalSection
	GlobalSection(ProjectConfigurationPlatforms) = postSolution
		{387E1DE6-FD1F-4000-8D05-FB730D127D27}.Debug|Any CPU.ActiveCfg = Debug|Any CPU
		{387E1DE6-FD1F-4000-8D05-FB730D127D27}.Debug|Any CPU.Build.0 = Debug|Any CPU
		{387E1DE6-FD1F-4000-8D05-FB730D127D27}.Release|Any CPU.ActiveCfg = Release|Any CPU
		{387E1DE6-FD1F-4000-8D05-FB730D127D27}.Release|Any CPU.Build.0 = Release|Any CPU
	EndGlobalSection
	GlobalSection(SolutionProperties) = preSolution
		HideSolutionNode = FALSE
	EndGlobalSection
	GlobalSection(ExtensibilityGlobals) = postSolution
		SolutionGuid = {63C348AA-89BE-42FD-9CAF-08E1E828A5B2}
	EndGlobalSection
EndGlobal
